
Microsoft Visual Studio Solution File, Format Version 12.00
# Visual Studio Version 16
VisualStudioVersion = 16.0.29215.179
MinimumVisualStudioVersion = 10.0.40219.1
Project("{FAE04EC0-301F-11D3-BF4B-00C04F79EFBC}") = "WheelShow.Android", "WheelShow\WheelShow.Android\WheelShow.Android.csproj", "{6842F896-2B9F-4113-9C4B-7E524DD6C690}"
EndProject
Project("{FAE04EC0-301F-11D3-BF4B-00C04F79EFBC}") = "WheelShow", "WheelShow\WheelShow\WheelShow.csproj", "{843BFB63-B6DC-43B7-9331-80FD716DCB1C}"
EndProject
Global
	GlobalSection(SolutionConfigurationPlatforms) = preSolution
		Debug|Any CPU = Debug|Any CPU
		Release|Any CPU = Release|Any CPU
	EndGlobalSection
	GlobalSection(ProjectConfigurationPlatforms) = postSolution
		{6842F896-2B9F-4113-9C4B-7E524DD6C690}.Debug|Any CPU.ActiveCfg = Debug|Any CPU
		{6842F896-2B9F-4113-9C4B-7E524DD6C690}.Debug|Any CPU.Build.0 = Debug|Any CPU
		{6842F896-2B9F-4113-9C4B-7E524DD6C690}.Debug|Any CPU.Deploy.0 = Debug|Any CPU
		{6842F896-2B9F-4113-9C4B-7E524DD6C690}.Release|Any CPU.ActiveCfg = Release|Any CPU
		{6842F896-2B9F-4113-9C4B-7E524DD6C690}.Release|Any CPU.Build.0 = Release|Any CPU
		{6842F896-2B9F-4113-9C4B-7E524DD6C690}.Release|Any CPU.Deploy.0 = Release|Any CPU
		{843BFB63-B6DC-43B7-9331-80FD716DCB1C}.Debug|Any CPU.ActiveCfg = Debug|Any CPU
		{843BFB63-B6DC-43B7-9331-80FD716DCB1C}.Debug|Any CPU.Build.0 = Debug|Any CPU
		{843BFB63-B6DC-43B7-9331-80FD716DCB1C}.Debug|Any CPU.Deploy.0 = Debug|Any CPU
		{843BFB63-B6DC-43B7-9331-80FD716DCB1C}.Release|Any CPU.ActiveCfg = Release|Any CPU
		{843BFB63-B6DC-43B7-9331-80FD716DCB1C}.Release|Any CPU.Build.0 = Release|Any CPU
		{843BFB63-B6DC-43B7-9331-80FD716DCB1C}.Release|Any CPU.Deploy.0 = Release|Any CPU
	EndGlobalSection
	GlobalSection(SolutionProperties) = preSolution
		HideSolutionNode = FALSE
	EndGlobalSection
	GlobalSection(ExtensibilityGlobals) = postSolution
		SolutionGuid = {6D4A0724-7B8A-46DC-A3A4-C9D334E36033}
	EndGlobalSection
EndGlobal
